
Microsoft Visual Studio Solution File, Format Version 12.00
# Visual Studio Version 17
VisualStudioVersion = 17.6.33829.357
MinimumVisualStudioVersion = 10.0.40219.1
Project("{FAE04EC0-301F-11D3-BF4B-00C04F79EFBC}") = "HotelRedisson", "HotelRedisson\HotelRedisson.csproj", "{831F68D1-5D1E-4167-AF7D-621AD3B2F240}"
EndProject
Global
	GlobalSection(SolutionConfigurationPlatforms) = preSolution
		Debug|Any CPU = Debug|Any CPU
		Release|Any CPU = Release|Any CPU
	EndGlobalSection
	GlobalSection(ProjectConfigurationPlatforms) = postSolution
		{831F68D1-5D1E-4167-AF7D-621AD3B2F240}.Debug|Any CPU.ActiveCfg = Debug|Any CPU
		{831F68D1-5D1E-4167-AF7D-621AD3B2F240}.Debug|Any CPU.Build.0 = Debug|Any CPU
		{831F68D1-5D1E-4167-AF7D-621AD3B2F240}.Release|Any CPU.ActiveCfg = Release|Any CPU
		{831F68D1-5D1E-4167-AF7D-621AD3B2F240}.Release|Any CPU.Build.0 = Release|Any CPU
	EndGlobalSection
	GlobalSection(SolutionProperties) = preSolution
		HideSolutionNode = FALSE
	EndGlobalSection
	GlobalSection(ExtensibilityGlobals) = postSolution
		SolutionGuid = {6C722F0A-AA46-4DE6-9A19-ACA67CC1EAAF}
	EndGlobalSection
EndGlobal
